{
  "originHash" : "f660f2a723886f61b30310b664d772f116e5fa5195324a8acd2ad7d4862224ed",
  "pins" : [
    {
      "identity" : "libopenmpt-swift",
      "kind" : "remoteSourceControl",
      "location" : "https://github.com/NattyNarwhal/libopenmpt-swift",
      "state" : {
        "branch" : "main",
        "revision" : "92993a9c22707fe266cf809e49961ddd967878bd"
      }
    }
  ],
  "version" : 3
}
